
Microsoft Visual Studio Solution File, Format Version 12.00
# Visual Studio 2012
Project("{FAE04EC0-301F-11D3-BF4B-00C04F79EFBC}") = "CoinAPI.Domain", "CoinAPI.CommonFramework\CoinAPI.Domain\CoinAPI.Domain.csproj", "{BBCD8108-7ADA-4CB4-B259-AF1FB15E0E5F}"
EndProject
Project("{FAE04EC0-301F-11D3-BF4B-00C04F79EFBC}") = "CoinAPI.Service", "CoinAPI.CommonFramework\CoinAPI.Domain.Service\CoinAPI.Service.csproj", "{DB07A918-244F-47C5-9099-5D33D56CF998}"
EndProject
Project("{2150E333-8FDC-42A3-9474-1A3956D46DE8}") = "Component", "Component", "{6FD121B3-F34C-4C8A-A7CD-08D2FC12DFF4}"
EndProject
Project("{FAE04EC0-301F-11D3-BF4B-00C04F79EFBC}") = "CoinAPI.UnitTest", "CoinAPI.UnitTest\CoinAPI.UnitTest.csproj", "{64B0B209-E595-41CB-8B45-01FD4AA6D34B}"
EndProject
Project("{FAE04EC0-301F-11D3-BF4B-00C04F79EFBC}") = "CoinAPI", "CoinAPI\CoinAPI\CoinAPI.csproj", "{866298A7-93C3-461E-B3C8-1AD62EB9106E}"
EndProject
Project("{FAE04EC0-301F-11D3-BF4B-00C04F79EFBC}") = "CoinAPI.Common", "CoinAPI\CoinAPI.Common\CoinAPI.Common.csproj", "{7F564CF7-043A-45F6-BF80-F8BDE66D61A0}"
EndProject
Project("{FAE04EC0-301F-11D3-BF4B-00C04F79EFBC}") = "CoinAPI.Components.CoinAPIComp", "CoinAPI\CoinAPI.Components.CoinAPIComp\CoinAPI.Components.CoinAPIComp.csproj", "{92F833D3-1C3E-45BF-9222-B8036112DCB9}"
EndProject
Project("{FAE04EC0-301F-11D3-BF4B-00C04F79EFBC}") = "Coin.CommonFramework", "CoinAPI.CommonFramework\CoinAPI.WebAPI.CommonFramework\Coin.CommonFramework.csproj", "{CF4264B4-438D-479C-8EA0-C44A33E493D6}"
EndProject
Project("{FAE04EC0-301F-11D3-BF4B-00C04F79EFBC}") = "CoinAPI.Domain.Midiator", "CoinAPI.CommonFramework\CoinAPI.Domain.Midiator\CoinAPI.Domain.Midiator.csproj", "{DFB5C1F3-F522-46D4-9721-9D70869269E2}"
EndProject
Project("{2150E333-8FDC-42A3-9474-1A3956D46DE8}") = "WebAPI", "WebAPI", "{5A774EF8-E9B4-4DE6-A4AF-40FBB4374C37}"
EndProject
Project("{FAE04EC0-301F-11D3-BF4B-00C04F79EFBC}") = "CoinAPI.WebAPI.UnitTest", "CoinAPI.WebAPI.UnitTest\CoinAPI.WebAPI.UnitTest.csproj", "{2F800EFB-94C3-4C9A-9FB4-73AABE8C6BDB}"
EndProject
Project("{FAE04EC0-301F-11D3-BF4B-00C04F79EFBC}") = "Coin.WebAPI", "CoinAPI.WebAPI\CoinAPI.WebAPI\Coin.WebAPI.csproj", "{5E5E41A8-EEC7-4125-A6D5-64F16B6A22F5}"
EndProject
Global
	GlobalSection(SolutionConfigurationPlatforms) = preSolution
		Debug|Any CPU = Debug|Any CPU
		Release|Any CPU = Release|Any CPU
	EndGlobalSection
	GlobalSection(ProjectConfigurationPlatforms) = postSolution
		{BBCD8108-7ADA-4CB4-B259-AF1FB15E0E5F}.Debug|Any CPU.ActiveCfg = Debug|Any CPU
		{BBCD8108-7ADA-4CB4-B259-AF1FB15E0E5F}.Debug|Any CPU.Build.0 = Debug|Any CPU
		{BBCD8108-7ADA-4CB4-B259-AF1FB15E0E5F}.Release|Any CPU.ActiveCfg = Release|Any CPU
		{BBCD8108-7ADA-4CB4-B259-AF1FB15E0E5F}.Release|Any CPU.Build.0 = Release|Any CPU
		{DB07A918-244F-47C5-9099-5D33D56CF998}.Debug|Any CPU.ActiveCfg = Debug|Any CPU
		{DB07A918-244F-47C5-9099-5D33D56CF998}.Debug|Any CPU.Build.0 = Debug|Any CPU
		{DB07A918-244F-47C5-9099-5D33D56CF998}.Release|Any CPU.ActiveCfg = Release|Any CPU
		{DB07A918-244F-47C5-9099-5D33D56CF998}.Release|Any CPU.Build.0 = Release|Any CPU
		{64B0B209-E595-41CB-8B45-01FD4AA6D34B}.Debug|Any CPU.ActiveCfg = Debug|Any CPU
		{64B0B209-E595-41CB-8B45-01FD4AA6D34B}.Debug|Any CPU.Build.0 = Debug|Any CPU
		{64B0B209-E595-41CB-8B45-01FD4AA6D34B}.Release|Any CPU.ActiveCfg = Release|Any CPU
		{64B0B209-E595-41CB-8B45-01FD4AA6D34B}.Release|Any CPU.Build.0 = Release|Any CPU
		{866298A7-93C3-461E-B3C8-1AD62EB9106E}.Debug|Any CPU.ActiveCfg = Debug|Any CPU
		{866298A7-93C3-461E-B3C8-1AD62EB9106E}.Debug|Any CPU.Build.0 = Debug|Any CPU
		{866298A7-93C3-461E-B3C8-1AD62EB9106E}.Release|Any CPU.ActiveCfg = Release|Any CPU
		{866298A7-93C3-461E-B3C8-1AD62EB9106E}.Release|Any CPU.Build.0 = Release|Any CPU
		{7F564CF7-043A-45F6-BF80-F8BDE66D61A0}.Debug|Any CPU.ActiveCfg = Debug|Any CPU
		{7F564CF7-043A-45F6-BF80-F8BDE66D61A0}.Debug|Any CPU.Build.0 = Debug|Any CPU
		{7F564CF7-043A-45F6-BF80-F8BDE66D61A0}.Release|Any CPU.ActiveCfg = Release|Any CPU
		{7F564CF7-043A-45F6-BF80-F8BDE66D61A0}.Release|Any CPU.Build.0 = Release|Any CPU
		{92F833D3-1C3E-45BF-9222-B8036112DCB9}.Debug|Any CPU.ActiveCfg = Debug|Any CPU
		{92F833D3-1C3E-45BF-9222-B8036112DCB9}.Debug|Any CPU.Build.0 = Debug|Any CPU
		{92F833D3-1C3E-45BF-9222-B8036112DCB9}.Release|Any CPU.ActiveCfg = Release|Any CPU
		{92F833D3-1C3E-45BF-9222-B8036112DCB9}.Release|Any CPU.Build.0 = Release|Any CPU
		{CF4264B4-438D-479C-8EA0-C44A33E493D6}.Debug|Any CPU.ActiveCfg = Debug|Any CPU
		{CF4264B4-438D-479C-8EA0-C44A33E493D6}.Debug|Any CPU.Build.0 = Debug|Any CPU
		{CF4264B4-438D-479C-8EA0-C44A33E493D6}.Release|Any CPU.ActiveCfg = Release|Any CPU
		{CF4264B4-438D-479C-8EA0-C44A33E493D6}.Release|Any CPU.Build.0 = Release|Any CPU
		{DFB5C1F3-F522-46D4-9721-9D70869269E2}.Debug|Any CPU.ActiveCfg = Debug|Any CPU
		{DFB5C1F3-F522-46D4-9721-9D70869269E2}.Debug|Any CPU.Build.0 = Debug|Any CPU
		{DFB5C1F3-F522-46D4-9721-9D70869269E2}.Release|Any CPU.ActiveCfg = Release|Any CPU
		{DFB5C1F3-F522-46D4-9721-9D70869269E2}.Release|Any CPU.Build.0 = Release|Any CPU
		{2F800EFB-94C3-4C9A-9FB4-73AABE8C6BDB}.Debug|Any CPU.ActiveCfg = Debug|Any CPU
		{2F800EFB-94C3-4C9A-9FB4-73AABE8C6BDB}.Debug|Any CPU.Build.0 = Debug|Any CPU
		{2F800EFB-94C3-4C9A-9FB4-73AABE8C6BDB}.Release|Any CPU.ActiveCfg = Release|Any CPU
		{2F800EFB-94C3-4C9A-9FB4-73AABE8C6BDB}.Release|Any CPU.Build.0 = Release|Any CPU
		{5E5E41A8-EEC7-4125-A6D5-64F16B6A22F5}.Debug|Any CPU.ActiveCfg = Debug|Any CPU
		{5E5E41A8-EEC7-4125-A6D5-64F16B6A22F5}.Debug|Any CPU.Build.0 = Debug|Any CPU
		{5E5E41A8-EEC7-4125-A6D5-64F16B6A22F5}.Release|Any CPU.ActiveCfg = Release|Any CPU
		{5E5E41A8-EEC7-4125-A6D5-64F16B6A22F5}.Release|Any CPU.Build.0 = Release|Any CPU
	EndGlobalSection
	GlobalSection(SolutionProperties) = preSolution
		HideSolutionNode = FALSE
	EndGlobalSection
	GlobalSection(NestedProjects) = preSolution
		{DB07A918-244F-47C5-9099-5D33D56CF998} = {6FD121B3-F34C-4C8A-A7CD-08D2FC12DFF4}
		{64B0B209-E595-41CB-8B45-01FD4AA6D34B} = {6FD121B3-F34C-4C8A-A7CD-08D2FC12DFF4}
		{866298A7-93C3-461E-B3C8-1AD62EB9106E} = {6FD121B3-F34C-4C8A-A7CD-08D2FC12DFF4}
		{7F564CF7-043A-45F6-BF80-F8BDE66D61A0} = {6FD121B3-F34C-4C8A-A7CD-08D2FC12DFF4}
		{92F833D3-1C3E-45BF-9222-B8036112DCB9} = {6FD121B3-F34C-4C8A-A7CD-08D2FC12DFF4}
		{2F800EFB-94C3-4C9A-9FB4-73AABE8C6BDB} = {5A774EF8-E9B4-4DE6-A4AF-40FBB4374C37}
		{5E5E41A8-EEC7-4125-A6D5-64F16B6A22F5} = {5A774EF8-E9B4-4DE6-A4AF-40FBB4374C37}
	EndGlobalSection
EndGlobal
